
Microsoft Visual Studio Solution File, Format Version 12.00
# Visual Studio 15
VisualStudioVersion = 15.0.27130.2010
MinimumVisualStudioVersion = 10.0.40219.1
Project("{FAE04EC0-301F-11D3-BF4B-00C04F79EFBC}") = "Shapes", "Shapes\Shapes.csproj", "{76B8075D-DB2E-44CB-8FC7-5652BA6ABBB7}"
EndProject
Project("{FAE04EC0-301F-11D3-BF4B-00C04F79EFBC}") = "BankAccounts", "BankAccounts\BankAccounts.csproj", "{DC23DE40-8FDF-4F77-90A8-A62D1E5C75F2}"
EndProject
Global
	GlobalSection(SolutionConfigurationPlatforms) = preSolution
		Debug|Any CPU = Debug|Any CPU
		Release|Any CPU = Release|Any CPU
	EndGlobalSection
	GlobalSection(ProjectConfigurationPlatforms) = postSolution
		{76B8075D-DB2E-44CB-8FC7-5652BA6ABBB7}.Debug|Any CPU.ActiveCfg = Debug|Any CPU
		{76B8075D-DB2E-44CB-8FC7-5652BA6ABBB7}.Debug|Any CPU.Build.0 = Debug|Any CPU
		{76B8075D-DB2E-44CB-8FC7-5652BA6ABBB7}.Release|Any CPU.ActiveCfg = Release|Any CPU
		{76B8075D-DB2E-44CB-8FC7-5652BA6ABBB7}.Release|Any CPU.Build.0 = Release|Any CPU
		{DC23DE40-8FDF-4F77-90A8-A62D1E5C75F2}.Debug|Any CPU.ActiveCfg = Debug|Any CPU
		{DC23DE40-8FDF-4F77-90A8-A62D1E5C75F2}.Debug|Any CPU.Build.0 = Debug|Any CPU
		{DC23DE40-8FDF-4F77-90A8-A62D1E5C75F2}.Release|Any CPU.ActiveCfg = Release|Any CPU
		{DC23DE40-8FDF-4F77-90A8-A62D1E5C75F2}.Release|Any CPU.Build.0 = Release|Any CPU
	EndGlobalSection
	GlobalSection(SolutionProperties) = preSolution
		HideSolutionNode = FALSE
	EndGlobalSection
	GlobalSection(ExtensibilityGlobals) = postSolution
		SolutionGuid = {F9F73A21-6ECD-4BA8-8CB7-B3A1A6A3DEFA}
	EndGlobalSection
EndGlobal
